
Microsoft Visual Studio Solution File, Format Version 12.00
# Visual Studio Version 17
VisualStudioVersion = 17.0.32014.148
MinimumVisualStudioVersion = 10.0.40219.1
Project("{FAE04EC0-301F-11D3-BF4B-00C04F79EFBC}") = "ADO.NetEmpPayroll", "ADO.NetEmpPayroll.csproj", "{2493BAA0-D6E5-4144-B478-2D51FD494755}"
EndProject
Global
	GlobalSection(SolutionConfigurationPlatforms) = preSolution
		Debug|Any CPU = Debug|Any CPU
		Release|Any CPU = Release|Any CPU
	EndGlobalSection
	GlobalSection(ProjectConfigurationPlatforms) = postSolution
		{2493BAA0-D6E5-4144-B478-2D51FD494755}.Debug|Any CPU.ActiveCfg = Debug|Any CPU
		{2493BAA0-D6E5-4144-B478-2D51FD494755}.Debug|Any CPU.Build.0 = Debug|Any CPU
		{2493BAA0-D6E5-4144-B478-2D51FD494755}.Release|Any CPU.ActiveCfg = Release|Any CPU
		{2493BAA0-D6E5-4144-B478-2D51FD494755}.Release|Any CPU.Build.0 = Release|Any CPU
	EndGlobalSection
	GlobalSection(SolutionProperties) = preSolution
		HideSolutionNode = FALSE
	EndGlobalSection
	GlobalSection(ExtensibilityGlobals) = postSolution
		SolutionGuid = {B01DCA45-7D39-446D-824A-E4B5F2523AA1}
	EndGlobalSection
EndGlobal
